// !$*UTF8*$!
{
	archiveVersion = 1;
	classes = {
	};
	objectVersion = 48;
	objects = {

/* Begin PBXBuildFile section */
		BDCE5070206AD814007D0018 /* AppDelegate.swift in Sources */ = {isa = PBXBuildFile; fileRef = BDCE506F206AD814007D0018 /* AppDelegate.swift */; };
		BDCE5072206AD814007D0018 /* ViewController.swift in Sources */ = {isa = PBXBuildFile; fileRef = BDCE5071206AD814007D0018 /* ViewController.swift */; };
		BDCE5075206AD815007D0018 /* Main.storyboard in Resources */ = {isa = PBXBuildFile; fileRef = BDCE5073206AD815007D0018 /* Main.storyboard */; };
		BDCE5077206AD815007D0018 /* Assets.xcassets in Resources */ = {isa = PBXBuildFile; fileRef = BDCE5076206AD815007D0018 /* Assets.xcassets */; };
		BDCE507A206AD815007D0018 /* LaunchScreen.storyboard in Resources */ = {isa = PBXBuildFile; fileRef = BDCE5078206AD815007D0018 /* LaunchScreen.storyboard */; };
		BDCE5085206AD815007D0018 /* CanvasTests.swift in Sources */ = {isa = PBXBuildFile; fileRef = BDCE5084206AD815007D0018 /* CanvasTests.swift */; };
		BDCE5090206AD815007D0018 /* CanvasUITests.swift in Sources */ = {isa = PBXBuildFile; fileRef = BDCE508F206AD815007D0018 /* CanvasUITests.swift */; };
		BDCE509E206ADA11007D0018 /* CanvasViewController.swift in Sources */ = {isa = PBXBuildFile; fileRef = BDCE509D206ADA11007D0018 /* CanvasViewController.swift */; };
/* End PBXBuildFile section */

/* Begin PBXContainerItemProxy section */
		BDCE5081206AD815007D0018 /* PBXContainerItemProxy */ = {
			isa = PBXContainerItemProxy;
			containerPortal = BDCE5064206AD814007D0018 /* Project object */;
			proxyType = 1;
			remoteGlobalIDString = BDCE506B206AD814007D0018;
			remoteInfo = Canvas;
		};
		BDCE508C206AD815007D0018 /* PBXContainerItemProxy */ = {
			isa = PBXContainerItemProxy;
			containerPortal = BDCE5064206AD814007D0018 /* Project object */;
			proxyType = 1;
			remoteGlobalIDString = BDCE506B206AD814007D0018;
			remoteInfo = Canvas;
		};
/* End PBXContainerItemProxy section */

/* Begin PBXFileReference section */
		BDCE506C206AD814007D0018 /* Canvas.app */ = {isa = PBXFileReference; explicitFileType = wrapper.application; includeInIndex = 0; path = Canvas.app; sourceTree = BUILT_PRODUCTS_DIR; };
		BDCE506F206AD814007D0018 /* AppDelegate.swift */ = {isa = PBXFileReference; lastKnownFileType = sourcecode.swift; path = AppDelegate.swift; sourceTree = "<group>"; };
		BDCE5071206AD814007D0018 /* ViewController.swift */ = {isa = PBXFileReference; lastKnownFileType = sourcecode.swift; path = ViewController.swift; sourceTree = "<group>"; };
		BDCE5074206AD815007D0018 /* Base */ = {isa = PBXFileReference; lastKnownFileType = file.storyboard; name = Base; path = Base.lproj/Main.storyboard; sourceTree = "<group>"; };
		BDCE5076206AD815007D0018 /* Assets.xcassets */ = {isa = PBXFileReference; lastKnownFileType = folder.assetcatalog; path = Assets.xcassets; sourceTree = "<group>"; };
		BDCE5079206AD815007D0018 /* Base */ = {isa = PBXFileReference; lastKnownFileType = file.storyboard; name = Base; path = Base.lproj/LaunchScreen.storyboard; sourceTree = "<group>"; };
		BDCE507B206AD815007D0018 /* Info.plist */ = {isa = PBXFileReference; lastKnownFileType = text.plist.xml; path = Info.plist; sourceTree = "<group>"; };
		BDCE5080206AD815007D0018 /* CanvasTests.xctest */ = {isa = PBXFileReference; explicitFileType = wrapper.cfbundle; includeInIndex = 0; path = CanvasTests.xctest; sourceTree = BUILT_PRODUCTS_DIR; };
		BDCE5084206AD815007D0018 /* CanvasTests.swift */ = {isa = PBXFileReference; lastKnownFileType = sourcecode.swift; path = CanvasTests.swift; sourceTree = "<group>"; };
		BDCE5086206AD815007D0018 /* Info.plist */ = {isa = PBXFileReference; lastKnownFileType = text.plist.xml; path = Info.plist; sourceTree = "<group>"; };
		BDCE508B206AD815007D0018 /* CanvasUITests.xctest */ = {isa = PBXFileReference; explicitFileType = wrapper.cfbundle; includeInIndex = 0; path = CanvasUITests.xctest; sourceTree = BUILT_PRODUCTS_DIR; };
		BDCE508F206AD815007D0018 /* CanvasUITests.swift */ = {isa = PBXFileReference; lastKnownFileType = sourcecode.swift; path = CanvasUITests.swift; sourceTree = "<group>"; };
		BDCE5091206AD815007D0018 /* Info.plist */ = {isa = PBXFileReference; lastKnownFileType = text.plist.xml; path = Info.plist; sourceTree = "<group>"; };
		BDCE509D206ADA11007D0018 /* CanvasViewController.swift */ = {isa = PBXFileReference; lastKnownFileType = sourcecode.swift; path = CanvasViewController.swift; sourceTree = "<group>"; };
/* End PBXFileReference section */

/* Begin PBXFrameworksBuildPhase section */
		BDCE5069206AD814007D0018 /* Frameworks */ = {
			isa = PBXFrameworksBuildPhase;
			buildActionMask = 2147483647;
			files = (
			);
			runOnlyForDeploymentPostprocessing = 0;
		};
		BDCE507D206AD815007D0018 /* Frameworks */ = {
			isa = PBXFrameworksBuildPhase;
			buildActionMask = 2147483647;
			files = (
			);
			runOnlyForDeploymentPostprocessing = 0;
		};
		BDCE5088206AD815007D0018 /* Frameworks */ = {
			isa = PBXFrameworksBuildPhase;
			buildActionMask = 2147483647;
			files = (
			);
			runOnlyForDeploymentPostprocessing = 0;
		};
/* End PBXFrameworksBuildPhase section */

/* Begin PBXGroup section */
		BDCE5063206AD814007D0018 = {
			isa = PBXGroup;
			children = (
				BDCE506E206AD814007D0018 /* Canvas */,
				BDCE5083206AD815007D0018 /* CanvasTests */,
				BDCE508E206AD815007D0018 /* CanvasUITests */,
				BDCE506D206AD814007D0018 /* Products */,
			);
			sourceTree = "<group>";
		};
		BDCE506D206AD814007D0018 /* Products */ = {
			isa = PBXGroup;
			children = (
				BDCE506C206AD814007D0018 /* Canvas.app */,
				BDCE5080206AD815007D0018 /* CanvasTests.xctest */,
				BDCE508B206AD815007D0018 /* CanvasUITests.xctest */,
			);
			name = Products;
			sourceTree = "<group>";
		};
		BDCE506E206AD814007D0018 /* Canvas */ = {
			isa = PBXGroup;
			children = (
				BDCE506F206AD814007D0018 /* AppDelegate.swift */,
				BDCE5071206AD814007D0018 /* ViewController.swift */,
				BDCE509D206ADA11007D0018 /* CanvasViewController.swift */,
				BDCE5073206AD815007D0018 /* Main.storyboard */,
				BDCE5076206AD815007D0018 /* Assets.xcassets */,
				BDCE5078206AD815007D0018 /* LaunchScreen.storyboard */,
				BDCE507B206AD815007D0018 /* Info.plist */,
			);
			path = Canvas;
			sourceTree = "<group>";
		};
		BDCE5083206AD815007D0018 /* CanvasTests */ = {
			isa = PBXGroup;
			children = (
				BDCE5084206AD815007D0018 /* CanvasTests.swift */,
				BDCE5086206AD815007D0018 /* Info.plist */,
			);
			path = CanvasTests;
			sourceTree = "<group>";
		};
		BDCE508E206AD815007D0018 /* CanvasUITests */ = {
			isa = PBXGroup;
			children = (
				BDCE508F206AD815007D0018 /* CanvasUITests.swift */,
				BDCE5091206AD815007D0018 /* Info.plist */,
			);
			path = CanvasUITests;
			sourceTree = "<group>";
		};
/* End PBXGroup section */

/* Begin PBXNativeTarget section */
		BDCE506B206AD814007D0018 /* Canvas */ = {
			isa = PBXNativeTarget;
			buildConfigurationList = BDCE5094206AD815007D0018 /* Build configuration list for PBXNativeTarget "Canvas" */;
			buildPhases = (
				BDCE5068206AD814007D0018 /* Sources */,
				BDCE5069206AD814007D0018 /* Frameworks */,
				BDCE506A206AD814007D0018 /* Resources */,
			);
			buildRules = (
			);
			dependencies = (
			);
			name = Canvas;
			productName = Canvas;
			productReference = BDCE506C206AD814007D0018 /* Canvas.app */;
			productType = "com.apple.product-type.application";
		};
		BDCE507F206AD815007D0018 /* CanvasTests */ = {
			isa = PBXNativeTarget;
			buildConfigurationList = BDCE5097206AD815007D0018 /* Build configuration list for PBXNativeTarget "CanvasTests" */;
			buildPhases = (
				BDCE507C206AD815007D0018 /* Sources */,
				BDCE507D206AD815007D0018 /* Frameworks */,
				BDCE507E206AD815007D0018 /* Resources */,
			);
			buildRules = (
			);
			dependencies = (
				BDCE5082206AD815007D0018 /* PBXTargetDependency */,
			);
			name = CanvasTests;
			productName = CanvasTests;
			productReference = BDCE5080206AD815007D0018 /* CanvasTests.xctest */;
			productType = "com.apple.product-type.bundle.unit-test";
		};
		BDCE508A206AD815007D0018 /* CanvasUITests */ = {
			isa = PBXNativeTarget;
			buildConfigurationList = BDCE509A206AD815007D0018 /* Build configuration list for PBXNativeTarget "CanvasUITests" */;
			buildPhases = (
				BDCE5087206AD815007D0018 /* Sources */,
				BDCE5088206AD815007D0018 /* Frameworks */,
				BDCE5089206AD815007D0018 /* Resources */,
			);
			buildRules = (
			);
			dependencies = (
				BDCE508D206AD815007D0018 /* PBXTargetDependency */,
			);
			name = CanvasUITests;
			productName = CanvasUITests;
			productReference = BDCE508B206AD815007D0018 /* CanvasUITests.xctest */;
			productType = "com.apple.product-type.bundle.ui-testing";
		};
/* End PBXNativeTarget section */

/* Begin PBXProject section */
		BDCE5064206AD814007D0018 /* Project object */ = {
			isa = PBXProject;
			attributes = {
				LastSwiftUpdateCheck = 0920;
				LastUpgradeCheck = 0920;
				ORGANIZATIONNAME = "Anurag Kumar Yadav";
				TargetAttributes = {
					BDCE506B206AD814007D0018 = {
						CreatedOnToolsVersion = 9.2;
						ProvisioningStyle = Automatic;
					};
					BDCE507F206AD815007D0018 = {
						CreatedOnToolsVersion = 9.2;
						ProvisioningStyle = Automatic;
						TestTargetID = BDCE506B206AD814007D0018;
					};
					BDCE508A206AD815007D0018 = {
						CreatedOnToolsVersion = 9.2;
						ProvisioningStyle = Automatic;
						TestTargetID = BDCE506B206AD814007D0018;
					};
				};
			};
			buildConfigurationList = BDCE5067206AD814007D0018 /* Build configuration list for PBXProject "Canvas" */;
			compatibilityVersion = "Xcode 8.0";
			developmentRegion = en;
			hasScannedForEncodings = 0;
			knownRegions = (
				en,
				Base,
			);
			mainGroup = BDCE5063206AD814007D0018;
			productRefGroup = BDCE506D206AD814007D0018 /* Products */;
			projectDirPath = "";
			projectRoot = "";
			targets = (
				BDCE506B206AD814007D0018 /* Canvas */,
				BDCE507F206AD815007D0018 /* CanvasTests */,
				BDCE508A206AD815007D0018 /* CanvasUITests */,
			);
		};
/* End PBXProject section */

/* Begin PBXResourcesBuildPhase section */
		BDCE506A206AD814007D0018 /* Resources */ = {
			isa = PBXResourcesBuildPhase;
			buildActionMask = 2147483647;
			files = (
				BDCE507A206AD815007D0018 /* LaunchScreen.storyboard in Resources */,
				BDCE5077206AD815007D0018 /* Assets.xcassets in Resources */,
				BDCE5075206AD815007D0018 /* Main.storyboard in Resources */,
			);
			runOnlyForDeploymentPostprocessing = 0;
		};
		BDCE507E206AD815007D0018 /* Resources */ = {
			isa = PBXResourcesBuildPhase;
			buildActionMask = 2147483647;
			files = (
			);
			runOnlyForDeploymentPostprocessing = 0;
		};
		BDCE5089206AD815007D0018 /* Resources */ = {
			isa = PBXResourcesBuildPhase;
			buildActionMask = 2147483647;
			files = (
			);
			runOnlyForDeploymentPostprocessing = 0;
		};
/* End PBXResourcesBuildPhase section */

/* Begin PBXSourcesBuildPhase section */
		BDCE5068206AD814007D0018 /* Sources */ = {
			isa = PBXSourcesBuildPhase;
			buildActionMask = 2147483647;
			files = (
				BDCE5072206AD814007D0018 /* ViewController.swift in Sources */,
				BDCE509E206ADA11007D0018 /* CanvasViewController.swift in Sources */,
				BDCE5070206AD814007D0018 /* AppDelegate.swift in Sources */,
			);
			runOnlyForDeploymentPostprocessing = 0;
		};
		BDCE507C206AD815007D0018 /* Sources */ = {
			isa = PBXSourcesBuildPhase;
			buildActionMask = 2147483647;
			files = (
				BDCE5085206AD815007D0018 /* CanvasTests.swift in Sources */,
			);
			runOnlyForDeploymentPostprocessing = 0;
		};
		BDCE5087206AD815007D0018 /* Sources */ = {
			isa = PBXSourcesBuildPhase;
			buildActionMask = 2147483647;
			files = (
				BDCE5090206AD815007D0018 /* CanvasUITests.swift in Sources */,
			);
			runOnlyForDeploymentPostprocessing = 0;
		};
/* End PBXSourcesBuildPhase section */

/* Begin PBXTargetDependency section */
		BDCE5082206AD815007D0018 /* PBXTargetDependency */ = {
			isa = PBXTargetDependency;
			target = BDCE506B206AD814007D0018 /* Canvas */;
			targetProxy = BDCE5081206AD815007D0018 /* PBXContainerItemProxy */;
		};
		BDCE508D206AD815007D0018 /* PBXTargetDependency */ = {
			isa = PBXTargetDependency;
			target = BDCE506B206AD814007D0018 /* Canvas */;
			targetProxy = BDCE508C206AD815007D0018 /* PBXContainerItemProxy */;
		};
/* End PBXTargetDependency section */

/* Begin PBXVariantGroup section */
		BDCE5073206AD815007D0018 /* Main.storyboard */ = {
			isa = PBXVariantGroup;
			children = (
				BDCE5074206AD815007D0018 /* Base */,
			);
			name = Main.storyboard;
			sourceTree = "<group>";
		};
		BDCE5078206AD815007D0018 /* LaunchScreen.storyboard */ = {
			isa = PBXVariantGroup;
			children = (
				BDCE5079206AD815007D0018 /* Base */,
			);
			name = LaunchScreen.storyboard;
			sourceTree = "<group>";
		};
/* End PBXVariantGroup section */

/* Begin XCBuildConfiguration section */
		BDCE5092206AD815007D0018 /* Debug */ = {
			isa = XCBuildConfiguration;
			buildSettings = {
				ALWAYS_SEARCH_USER_PATHS = NO;
				CLANG_ANALYZER_NONNULL = YES;
				CLANG_ANALYZER_NUMBER_OBJECT_CONVERSION = YES_AGGRESSIVE;
				CLANG_CXX_LANGUAGE_STANDARD = "gnu++14";
				CLANG_CXX_LIBRARY = "libc++";
				CLANG_ENABLE_MODULES = YES;
				CLANG_ENABLE_OBJC_ARC = YES;
				CLANG_WARN_BLOCK_CAPTURE_AUTORELEASING = YES;
				CLANG_WARN_BOOL_CONVERSION = YES;
				CLANG_WARN_COMMA = YES;
				CLANG_WARN_CONSTANT_CONVERSION = YES;
				CLANG_WARN_DIRECT_OBJC_ISA_USAGE = YES_ERROR;
				CLANG_WARN_DOCUMENTATION_COMMENTS = YES;
				CLANG_WARN_EMPTY_BODY = YES;
				CLANG_WARN_ENUM_CONVERSION = YES;
				CLANG_WARN_INFINITE_RECURSION = YES;
				CLANG_WARN_INT_CONVERSION = YES;
				CLANG_WARN_NON_LITERAL_NULL_CONVERSION = YES;
				CLANG_WARN_OBJC_LITERAL_CONVERSION = YES;
				CLANG_WARN_OBJC_ROOT_CLASS = YES_ERROR;
				CLANG_WARN_RANGE_LOOP_ANALYSIS = YES;
				CLANG_WARN_STRICT_PROTOTYPES = YES;
				CLANG_WARN_SUSPICIOUS_MOVE = YES;
				CLANG_WARN_UNGUARDED_AVAILABILITY = YES_AGGRESSIVE;
				CLANG_WARN_UNREACHABLE_CODE = YES;
				CLANG_WARN__DUPLICATE_METHOD_MATCH = YES;
				CODE_SIGN_IDENTITY = "iPhone Developer";
				COPY_PHASE_STRIP = NO;
				DEBUG_INFORMATION_FORMAT = dwarf;
				ENABLE_STRICT_OBJC_MSGSEND = YES;
				ENABLE_TESTABILITY = YES;
				GCC_C_LANGUAGE_STANDARD = gnu11;
				GCC_DYNAMIC_NO_PIC = NO;
				GCC_NO_COMMON_BLOCKS = YES;
				GCC_OPTIMIZATION_LEVEL = 0;
				GCC_PREPROCESSOR_DEFINITIONS = (
					"DEBUG=1",
					"$(inherited)",
				);
				GCC_WARN_64_TO_32_BIT_CONVERSION = YES;
				GCC_WARN_ABOUT_RETURN_TYPE = YES_ERROR;
				GCC_WARN_UNDECLARED_SELECTOR = YES;
				GCC_WARN_UNINITIALIZED_AUTOS = YES_AGGRESSIVE;
				GCC_WARN_UNUSED_FUNCTION = YES;
				GCC_WARN_UNUSED_VARIABLE = YES;
				IPHONEOS_DEPLOYMENT_TARGET = 11.2;
				MTL_ENABLE_DEBUG_INFO = YES;
				ONLY_ACTIVE_ARCH = YES;
				SDKROOT = iphoneos;
				SWIFT_ACTIVE_COMPILATION_CONDITIONS = DEBUG;
				SWIFT_OPTIMIZATION_LEVEL = "-Onone";
			};
			name = Debug;
		};
		BDCE5093206AD815007D0018 /* Release */ = {
			isa = XCBuildConfiguration;
			buildSettings = {
				ALWAYS_SEARCH_USER_PATHS = NO;
				CLANG_ANALYZER_NONNULL = YES;
				CLANG_ANALYZER_NUMBER_OBJECT_CONVERSION = YES_AGGRESSIVE;
				CLANG_CXX_LANGUAGE_STANDARD = "gnu++14";
				CLANG_CXX_LIBRARY = "libc++";
				CLANG_ENABLE_MODULES = YES;
				CLANG_ENABLE_OBJC_ARC = YES;
				CLANG_WARN_BLOCK_CAPTURE_AUTORELEASING = YES;
				CLANG_WARN_BOOL_CONVERSION = YES;
				CLANG_WARN_COMMA = YES;
				CLANG_WARN_CONSTANT_CONVERSION = YES;
				CLANG_WARN_DIRECT_OBJC_ISA_USAGE = YES_ERROR;
				CLANG_WARN_DOCUMENTATION_COMMENTS = YES;
				CLANG_WARN_EMPTY_BODY = YES;
				CLANG_WARN_ENUM_CONVERSION = YES;
				CLANG_WARN_INFINITE_RECURSION = YES;
				CLANG_WARN_INT_CONVERSION = YES;
				CLANG_WARN_NON_LITERAL_NULL_CONVERSION = YES;
				CLANG_WARN_OBJC_LITERAL_CONVERSION = YES;
				CLANG_WARN_OBJC_ROOT_CLASS = YES_ERROR;
				CLANG_WARN_RANGE_LOOP_ANALYSIS = YES;
				CLANG_WARN_STRICT_PROTOTYPES = YES;
				CLANG_WARN_SUSPICIOUS_MOVE = YES;
				CLANG_WARN_UNGUARDED_AVAILABILITY = YES_AGGRESSIVE;
				CLANG_WARN_UNREACHABLE_CODE = YES;
				CLANG_WARN__DUPLICATE_METHOD_MATCH = YES;
				CODE_SIGN_IDENTITY = "iPhone Developer";
				COPY_PHASE_STRIP = NO;
				DEBUG_INFORMATION_FORMAT = "dwarf-with-dsym";
				ENABLE_NS_ASSERTIONS = NO;
				ENABLE_STRICT_OBJC_MSGSEND = YES;
				GCC_C_LANGUAGE_STANDARD = gnu11;
				GCC_NO_COMMON_BLOCKS = YES;
				GCC_WARN_64_TO_32_BIT_CONVERSION = YES;
				GCC_WARN_ABOUT_RETURN_TYPE = YES_ERROR;
				GCC_WARN_UNDECLARED_SELECTOR = YES;
				GCC_WARN_UNINITIALIZED_AUTOS = YES_AGGRESSIVE;
				GCC_WARN_UNUSED_FUNCTION = YES;
				GCC_WARN_UNUSED_VARIABLE = YES;
				IPHONEOS_DEPLOYMENT_TARGET = 11.2;
				MTL_ENABLE_DEBUG_INFO = NO;
				SDKROOT = iphoneos;
				SWIFT_OPTIMIZATION_LEVEL = "-Owholemodule";
				VALIDATE_PRODUCT = YES;
			};
			name = Release;
		};
		BDCE5095206AD815007D0018 /* Debug */ = {
			isa = XCBuildConfiguration;
			buildSettings = {
				ASSETCATALOG_COMPILER_APPICON_NAME = AppIcon;
				CODE_SIGN_STYLE = Automatic;
				INFOPLIST_FILE = Canvas/Info.plist;
				LD_RUNPATH_SEARCH_PATHS = "$(inherited) @executable_path/Frameworks";
				PRODUCT_BUNDLE_IDENTIFIER = com.codepath.Canvas;
				PRODUCT_NAME = "$(TARGET_NAME)";
				SWIFT_VERSION = 4.0;
				TARGETED_DEVICE_FAMILY = "1,2";
			};
			name = Debug;
		};
		BDCE5096206AD815007D0018 /* Release */ = {
			isa = XCBuildConfiguration;
			buildSettings = {
				ASSETCATALOG_COMPILER_APPICON_NAME = AppIcon;
				CODE_SIGN_STYLE = Automatic;
				INFOPLIST_FILE = Canvas/Info.plist;
				LD_RUNPATH_SEARCH_PATHS = "$(inherited) @executable_path/Frameworks";
				PRODUCT_BUNDLE_IDENTIFIER = com.codepath.Canvas;
				PRODUCT_NAME = "$(TARGET_NAME)";
				SWIFT_VERSION = 4.0;
				TARGETED_DEVICE_FAMILY = "1,2";
			};
			name = Release;
		};
		BDCE5098206AD815007D0018 /* Debug */ = {
			isa = XCBuildConfiguration;
			buildSettings = {
				ALWAYS_EMBED_SWIFT_STANDARD_LIBRARIES = YES;
				BUNDLE_LOADER = "$(TEST_HOST)";
				CODE_SIGN_STYLE = Automatic;
				INFOPLIST_FILE = CanvasTests/Info.plist;
				LD_RUNPATH_SEARCH_PATHS = "$(inherited) @executable_path/Frameworks @loader_path/Frameworks";
				PRODUCT_BUNDLE_IDENTIFIER = com.codepath.CanvasTests;
				PRODUCT_NAME = "$(TARGET_NAME)";
				SWIFT_VERSION = 4.0;
				TARGETED_DEVICE_FAMILY = "1,2";
				TEST_HOST = "$(BUILT_PRODUCTS_DIR)/Canvas.app/Canvas";
			};
			name = Debug;
		};
		BDCE5099206AD815007D0018 /* Release */ = {
			isa = XCBuildConfiguration;
			buildSettings = {
				ALWAYS_EMBED_SWIFT_STANDARD_LIBRARIES = YES;
				BUNDLE_LOADER = "$(TEST_HOST)";
				CODE_SIGN_STYLE = Automatic;
				INFOPLIST_FILE = CanvasTests/Info.plist;
				LD_RUNPATH_SEARCH_PATHS = "$(inherited) @executable_path/Frameworks @loader_path/Frameworks";
				PRODUCT_BUNDLE_IDENTIFIER = com.codepath.CanvasTests;
				PRODUCT_NAME = "$(TARGET_NAME)";
				SWIFT_VERSION = 4.0;
				TARGETED_DEVICE_FAMILY = "1,2";
				TEST_HOST = "$(BUILT_PRODUCTS_DIR)/Canvas.app/Canvas";
			};
			name = Release;
		};
		BDCE509B206AD815007D0018 /* Debug */ = {
			isa = XCBuildConfiguration;
			buildSettings = {
				ALWAYS_EMBED_SWIFT_STANDARD_LIBRARIES = YES;
				CODE_SIGN_STYLE = Automatic;
				INFOPLIST_FILE = CanvasUITests/Info.plist;
				LD_RUNPATH_SEARCH_PATHS = "$(inherited) @executable_path/Frameworks @loader_path/Frameworks";
				PRODUCT_BUNDLE_IDENTIFIER = com.codepath.CanvasUITests;
				PRODUCT_NAME = "$(TARGET_NAME)";
				SWIFT_VERSION = 4.0;
				TARGETED_DEVICE_FAMILY = "1,2";
				TEST_TARGET_NAME = Canvas;
			};
			name = Debug;
		};
		BDCE509C206AD815007D0018 /* Release */ = {
			isa = XCBuildConfiguration;
			buildSettings = {
				ALWAYS_EMBED_SWIFT_STANDARD_LIBRARIES = YES;
				CODE_SIGN_STYLE = Automatic;
				INFOPLIST_FILE = CanvasUITests/Info.plist;
				LD_RUNPATH_SEARCH_PATHS = "$(inherited) @executable_path/Frameworks @loader_path/Frameworks";
				PRODUCT_BUNDLE_IDENTIFIER = com.codepath.CanvasUITests;
				PRODUCT_NAME = "$(TARGET_NAME)";
				SWIFT_VERSION = 4.0;
				TARGETED_DEVICE_FAMILY = "1,2";
				TEST_TARGET_NAME = Canvas;
			};
			name = Release;
		};
/* End XCBuildConfiguration section */

/* Begin XCConfigurationList section */
		BDCE5067206AD814007D0018 /* Build configuration list for PBXProject "Canvas" */ = {
			isa = XCConfigurationList;
			buildConfigurations = (
				BDCE5092206AD815007D0018 /* Debug */,
				BDCE5093206AD815007D0018 /* Release */,
			);
			defaultConfigurationIsVisible = 0;
			defaultConfigurationName = Release;
		};
		BDCE5094206AD815007D0018 /* Build configuration list for PBXNativeTarget "Canvas" */ = {
			isa = XCConfigurationList;
			buildConfigurations = (
				BDCE5095206AD815007D0018 /* Debug */,
				BDCE5096206AD815007D0018 /* Release */,
			);
			defaultConfigurationIsVisible = 0;
			defaultConfigurationName = Release;
		};
		BDCE5097206AD815007D0018 /* Build configuration list for PBXNativeTarget "CanvasTests" */ = {
			isa = XCConfigurationList;
			buildConfigurations = (
				BDCE5098206AD815007D0018 /* Debug */,
				BDCE5099206AD815007D0018 /* Release */,
			);
			defaultConfigurationIsVisible = 0;
			defaultConfigurationName = Release;
		};
		BDCE509A206AD815007D0018 /* Build configuration list for PBXNativeTarget "CanvasUITests" */ = {
			isa = XCConfigurationList;
			buildConfigurations = (
				BDCE509B206AD815007D0018 /* Debug */,
				BDCE509C206AD815007D0018 /* Release */,
			);
			defaultConfigurationIsVisible = 0;
			defaultConfigurationName = Release;
		};
/* End XCConfigurationList section */
	};
	rootObject = BDCE5064206AD814007D0018 /* Project object */;
}
